
Microsoft Visual Studio Solution File, Format Version 12.00
# Visual Studio Version 16
VisualStudioVersion = 16.0.31321.278
MinimumVisualStudioVersion = 10.0.40219.1
Project("{FAE04EC0-301F-11D3-BF4B-00C04F79EFBC}") = "DotnetCommonLibrary", "DotnetCommonLibrary\DotnetCommonLibrary.csproj", "{CA85A74A-BFFB-482B-8F79-A66EAC10D93B}"
EndProject
Global
	GlobalSection(SolutionConfigurationPlatforms) = preSolution
		Debug|Any CPU = Debug|Any CPU
		Release|Any CPU = Release|Any CPU
	EndGlobalSection
	GlobalSection(ProjectConfigurationPlatforms) = postSolution
		{CA85A74A-BFFB-482B-8F79-A66EAC10D93B}.Debug|Any CPU.ActiveCfg = Debug|Any CPU
		{CA85A74A-BFFB-482B-8F79-A66EAC10D93B}.Debug|Any CPU.Build.0 = Debug|Any CPU
		{CA85A74A-BFFB-482B-8F79-A66EAC10D93B}.Release|Any CPU.ActiveCfg = Release|Any CPU
		{CA85A74A-BFFB-482B-8F79-A66EAC10D93B}.Release|Any CPU.Build.0 = Release|Any CPU
	EndGlobalSection
	GlobalSection(SolutionProperties) = preSolution
		HideSolutionNode = FALSE
	EndGlobalSection
	GlobalSection(ExtensibilityGlobals) = postSolution
		SolutionGuid = {8DBB4FBB-7757-472B-BD36-D436FB419C2A}
	EndGlobalSection
EndGlobal
